
Microsoft Visual Studio Solution File, Format Version 12.00
# Visual Studio Version 17
VisualStudioVersion = 17.7.34221.43
MinimumVisualStudioVersion = 10.0.40219.1
Project("{9A19103F-16F7-4668-BE54-9A1E7A4F7556}") = "GameFramework", "..\_src\GameFramework\GameFramework.csproj", "{9F4391F4-089B-4406-9A2F-073DFA2337B0}"
EndProject
Project("{9A19103F-16F7-4668-BE54-9A1E7A4F7556}") = "GameFramework.Impl", "..\_src\GameFramework.Impl\GameFramework.Impl.csproj", "{DCE17AA8-B8AD-4E51-A5EA-7C2FCA917A20}"
EndProject
Project("{2150E333-8FDC-42A3-9474-1A3956D46DE8}") = "Tests", "Tests", "{454632A5-7829-4D0C-AE6C-04F0E41CA915}"
EndProject
Project("{9A19103F-16F7-4668-BE54-9A1E7A4F7556}") = "GameFramework.Unit.Tests", "..\_Tests\GameFramework.Unit.Tests\GameFramework.Unit.Tests.csproj", "{89D67EFE-F754-47BE-9139-DEF2693CAD4E}"
EndProject
Project("{9A19103F-16F7-4668-BE54-9A1E7A4F7556}") = "GameFramework.UI.WPF", "..\_src\GameFramework.UI.WPF\GameFramework.UI.WPF.csproj", "{542363E5-80EF-4B90-9BDF-AE2A495F9C5C}"
EndProject
Project("{9A19103F-16F7-4668-BE54-9A1E7A4F7556}") = "GameFramework.ManualTests.Desktop.WPF", "..\_Tests\GameFramework.ManualTests.Desktop.WPF\GameFramework.ManualTests.Desktop.WPF.csproj", "{826EA653-FD6E-4C99-BEE5-AB28F33AB5A6}"
EndProject
Project("{9A19103F-16F7-4668-BE54-9A1E7A4F7556}") = "GameFramework.UI.Forms", "..\_src\GameFramework.UI.Forms\GameFramework.UI.Forms.csproj", "{8E7C4880-3A04-4DC3-A52D-2D6B7CAE1248}"
EndProject
Project("{9A19103F-16F7-4668-BE54-9A1E7A4F7556}") = "GameFramework.UI.Maui", "..\_src\GameFramework.UI.Maui\GameFramework.UI.Maui.csproj", "{37E57AB0-39C6-48EB-BC86-B22B00D2C5D7}"
EndProject
Project("{FAE04EC0-301F-11D3-BF4B-00C04F79EFBC}") = "GameFramework.ManualTests.Maui", "..\_Tests\GameFramework.ManualTests.Maui\GameFramework.ManualTests.Maui.csproj", "{F98808D0-4EFA-4287-ADB4-947A11E324F7}"
EndProject
Global
	GlobalSection(SolutionConfigurationPlatforms) = preSolution
		Debug|Any CPU = Debug|Any CPU
		Release|Any CPU = Release|Any CPU
	EndGlobalSection
	GlobalSection(ProjectConfigurationPlatforms) = postSolution
		{9F4391F4-089B-4406-9A2F-073DFA2337B0}.Debug|Any CPU.ActiveCfg = Debug|Any CPU
		{9F4391F4-089B-4406-9A2F-073DFA2337B0}.Debug|Any CPU.Build.0 = Debug|Any CPU
		{9F4391F4-089B-4406-9A2F-073DFA2337B0}.Release|Any CPU.ActiveCfg = Release|Any CPU
		{9F4391F4-089B-4406-9A2F-073DFA2337B0}.Release|Any CPU.Build.0 = Release|Any CPU
		{DCE17AA8-B8AD-4E51-A5EA-7C2FCA917A20}.Debug|Any CPU.ActiveCfg = Debug|Any CPU
		{DCE17AA8-B8AD-4E51-A5EA-7C2FCA917A20}.Debug|Any CPU.Build.0 = Debug|Any CPU
		{DCE17AA8-B8AD-4E51-A5EA-7C2FCA917A20}.Release|Any CPU.ActiveCfg = Release|Any CPU
		{DCE17AA8-B8AD-4E51-A5EA-7C2FCA917A20}.Release|Any CPU.Build.0 = Release|Any CPU
		{89D67EFE-F754-47BE-9139-DEF2693CAD4E}.Debug|Any CPU.ActiveCfg = Debug|Any CPU
		{89D67EFE-F754-47BE-9139-DEF2693CAD4E}.Debug|Any CPU.Build.0 = Debug|Any CPU
		{89D67EFE-F754-47BE-9139-DEF2693CAD4E}.Release|Any CPU.ActiveCfg = Release|Any CPU
		{89D67EFE-F754-47BE-9139-DEF2693CAD4E}.Release|Any CPU.Build.0 = Release|Any CPU
		{542363E5-80EF-4B90-9BDF-AE2A495F9C5C}.Debug|Any CPU.ActiveCfg = Debug|Any CPU
		{542363E5-80EF-4B90-9BDF-AE2A495F9C5C}.Debug|Any CPU.Build.0 = Debug|Any CPU
		{542363E5-80EF-4B90-9BDF-AE2A495F9C5C}.Release|Any CPU.ActiveCfg = Release|Any CPU
		{542363E5-80EF-4B90-9BDF-AE2A495F9C5C}.Release|Any CPU.Build.0 = Release|Any CPU
		{826EA653-FD6E-4C99-BEE5-AB28F33AB5A6}.Debug|Any CPU.ActiveCfg = Debug|Any CPU
		{826EA653-FD6E-4C99-BEE5-AB28F33AB5A6}.Debug|Any CPU.Build.0 = Debug|Any CPU
		{826EA653-FD6E-4C99-BEE5-AB28F33AB5A6}.Release|Any CPU.ActiveCfg = Release|Any CPU
		{826EA653-FD6E-4C99-BEE5-AB28F33AB5A6}.Release|Any CPU.Build.0 = Release|Any CPU
		{8E7C4880-3A04-4DC3-A52D-2D6B7CAE1248}.Debug|Any CPU.ActiveCfg = Debug|Any CPU
		{8E7C4880-3A04-4DC3-A52D-2D6B7CAE1248}.Debug|Any CPU.Build.0 = Debug|Any CPU
		{8E7C4880-3A04-4DC3-A52D-2D6B7CAE1248}.Release|Any CPU.ActiveCfg = Release|Any CPU
		{8E7C4880-3A04-4DC3-A52D-2D6B7CAE1248}.Release|Any CPU.Build.0 = Release|Any CPU
		{37E57AB0-39C6-48EB-BC86-B22B00D2C5D7}.Debug|Any CPU.ActiveCfg = Debug|Any CPU
		{37E57AB0-39C6-48EB-BC86-B22B00D2C5D7}.Debug|Any CPU.Build.0 = Debug|Any CPU
		{37E57AB0-39C6-48EB-BC86-B22B00D2C5D7}.Release|Any CPU.ActiveCfg = Release|Any CPU
		{37E57AB0-39C6-48EB-BC86-B22B00D2C5D7}.Release|Any CPU.Build.0 = Release|Any CPU
		{F98808D0-4EFA-4287-ADB4-947A11E324F7}.Debug|Any CPU.ActiveCfg = Debug|Any CPU
		{F98808D0-4EFA-4287-ADB4-947A11E324F7}.Debug|Any CPU.Build.0 = Debug|Any CPU
		{F98808D0-4EFA-4287-ADB4-947A11E324F7}.Debug|Any CPU.Deploy.0 = Debug|Any CPU
		{F98808D0-4EFA-4287-ADB4-947A11E324F7}.Release|Any CPU.ActiveCfg = Release|Any CPU
		{F98808D0-4EFA-4287-ADB4-947A11E324F7}.Release|Any CPU.Build.0 = Release|Any CPU
		{F98808D0-4EFA-4287-ADB4-947A11E324F7}.Release|Any CPU.Deploy.0 = Release|Any CPU
	EndGlobalSection
	GlobalSection(SolutionProperties) = preSolution
		HideSolutionNode = FALSE
	EndGlobalSection
	GlobalSection(NestedProjects) = preSolution
		{89D67EFE-F754-47BE-9139-DEF2693CAD4E} = {454632A5-7829-4D0C-AE6C-04F0E41CA915}
		{826EA653-FD6E-4C99-BEE5-AB28F33AB5A6} = {454632A5-7829-4D0C-AE6C-04F0E41CA915}
		{F98808D0-4EFA-4287-ADB4-947A11E324F7} = {454632A5-7829-4D0C-AE6C-04F0E41CA915}
	EndGlobalSection
	GlobalSection(ExtensibilityGlobals) = postSolution
		SolutionGuid = {C918B762-D589-4914-A081-E334A085CC9E}
	EndGlobalSection
EndGlobal
