
Microsoft Visual Studio Solution File, Format Version 12.00
# Visual Studio Version 17
VisualStudioVersion = 17.7.34031.279
MinimumVisualStudioVersion = 10.0.40219.1
Project("{FAE04EC0-301F-11D3-BF4B-00C04F79EFBC}") = "BoardTemplate.Game", "BoardTemplate.Game\BoardTemplate.Game.csproj", "{037CF734-22A5-4F93-A57F-68156FED99B4}"
EndProject
Project("{FAE04EC0-301F-11D3-BF4B-00C04F79EFBC}") = "BoardTemplate.WPF", "BoardTemplate.WPF\BoardTemplate.WPF.csproj", "{2A28B971-86AF-4623-9D55-F33EFA964BF0}"
EndProject
Project("{FAE04EC0-301F-11D3-BF4B-00C04F79EFBC}") = "BoardTemplate.Forms", "BoardTemplate.Forms\BoardTemplate.Forms.csproj", "{F670763F-4B6D-48D5-BBAA-4D9C321DDAA1}"
EndProject
Project("{FAE04EC0-301F-11D3-BF4B-00C04F79EFBC}") = "BoardTemplate.Game.Tests", "BoardTemplate.Game.Tests\BoardTemplate.Game.Tests.csproj", "{E522BE97-303A-4DC5-9BAE-407DB8D2CE5B}"
EndProject
Global
	GlobalSection(SolutionConfigurationPlatforms) = preSolution
		Debug|Any CPU = Debug|Any CPU
		Release|Any CPU = Release|Any CPU
	EndGlobalSection
	GlobalSection(ProjectConfigurationPlatforms) = postSolution
		{037CF734-22A5-4F93-A57F-68156FED99B4}.Debug|Any CPU.ActiveCfg = Debug|Any CPU
		{037CF734-22A5-4F93-A57F-68156FED99B4}.Debug|Any CPU.Build.0 = Debug|Any CPU
		{037CF734-22A5-4F93-A57F-68156FED99B4}.Release|Any CPU.ActiveCfg = Release|Any CPU
		{037CF734-22A5-4F93-A57F-68156FED99B4}.Release|Any CPU.Build.0 = Release|Any CPU
		{2A28B971-86AF-4623-9D55-F33EFA964BF0}.Debug|Any CPU.ActiveCfg = Debug|Any CPU
		{2A28B971-86AF-4623-9D55-F33EFA964BF0}.Debug|Any CPU.Build.0 = Debug|Any CPU
		{2A28B971-86AF-4623-9D55-F33EFA964BF0}.Release|Any CPU.ActiveCfg = Release|Any CPU
		{2A28B971-86AF-4623-9D55-F33EFA964BF0}.Release|Any CPU.Build.0 = Release|Any CPU
		{F670763F-4B6D-48D5-BBAA-4D9C321DDAA1}.Debug|Any CPU.ActiveCfg = Debug|Any CPU
		{F670763F-4B6D-48D5-BBAA-4D9C321DDAA1}.Debug|Any CPU.Build.0 = Debug|Any CPU
		{F670763F-4B6D-48D5-BBAA-4D9C321DDAA1}.Release|Any CPU.ActiveCfg = Release|Any CPU
		{F670763F-4B6D-48D5-BBAA-4D9C321DDAA1}.Release|Any CPU.Build.0 = Release|Any CPU
		{E522BE97-303A-4DC5-9BAE-407DB8D2CE5B}.Debug|Any CPU.ActiveCfg = Debug|Any CPU
		{E522BE97-303A-4DC5-9BAE-407DB8D2CE5B}.Debug|Any CPU.Build.0 = Debug|Any CPU
		{E522BE97-303A-4DC5-9BAE-407DB8D2CE5B}.Release|Any CPU.ActiveCfg = Release|Any CPU
		{E522BE97-303A-4DC5-9BAE-407DB8D2CE5B}.Release|Any CPU.Build.0 = Release|Any CPU
	EndGlobalSection
	GlobalSection(SolutionProperties) = preSolution
		HideSolutionNode = FALSE
	EndGlobalSection
	GlobalSection(ExtensibilityGlobals) = postSolution
		SolutionGuid = {DA08F645-3106-4321-8239-D54F90C34D42}
	EndGlobalSection
EndGlobal
